
Microsoft Visual Studio Solution File, Format Version 12.00
# Visual Studio Version 17
VisualStudioVersion = 17.9.34728.123
MinimumVisualStudioVersion = 10.0.40219.1
Project("{FAE04EC0-301F-11D3-BF4B-00C04F79EFBC}") = "OfficeAttendanceTracker.Service", "OfficeAttendanceTracker.Service\OfficeAttendanceTracker.Service.csproj", "{A2C199C9-0961-4258-8E04-A8193C5C83F1}"
EndProject
Global
	GlobalSection(SolutionConfigurationPlatforms) = preSolution
		Debug|Any CPU = Debug|Any CPU
		Release|Any CPU = Release|Any CPU
	EndGlobalSection
	GlobalSection(ProjectConfigurationPlatforms) = postSolution
		{A2C199C9-0961-4258-8E04-A8193C5C83F1}.Debug|Any CPU.ActiveCfg = Debug|Any CPU
		{A2C199C9-0961-4258-8E04-A8193C5C83F1}.Debug|Any CPU.Build.0 = Debug|Any CPU
		{A2C199C9-0961-4258-8E04-A8193C5C83F1}.Release|Any CPU.ActiveCfg = Release|Any CPU
		{A2C199C9-0961-4258-8E04-A8193C5C83F1}.Release|Any CPU.Build.0 = Release|Any CPU
	EndGlobalSection
	GlobalSection(SolutionProperties) = preSolution
		HideSolutionNode = FALSE
	EndGlobalSection
	GlobalSection(ExtensibilityGlobals) = postSolution
		SolutionGuid = {FCCEE1AF-C409-4AF6-A117-266200C4D906}
	EndGlobalSection
EndGlobal
