
Microsoft Visual Studio Solution File, Format Version 12.00
# Visual Studio Version 18
VisualStudioVersion = 18.2.11415.280
MinimumVisualStudioVersion = 10.0.40219.1
Project("{9A19103F-16F7-4668-BE54-9A1E7A4F7556}") = "OfficeAttendanceTracker.Service", "OfficeAttendanceTracker.Service\OfficeAttendanceTracker.Service.csproj", "{A2C199C9-0961-4258-8E04-A8193C5C83F1}"
EndProject
Project("{FAE04EC0-301F-11D3-BF4B-00C04F79EFBC}") = "OfficeAttendanceTracker.Test", "OfficeAttendanceTracker.Test\OfficeAttendanceTracker.Test.csproj", "{3B340444-78AF-43F2-815D-78C81CA42BDB}"
EndProject
Project("{2150E333-8FDC-42A3-9474-1A3956D46DE8}") = "Solution Items", "Solution Items", "{8EC462FD-D22E-90A8-E5CE-7E832BA40C5D}"
	ProjectSection(SolutionItems) = preProject
		.github\workflows\dotnet.yml = .github\workflows\dotnet.yml
		README.md = README.md
		.github\workflows\release.yml = .github\workflows\release.yml
	EndProjectSection
EndProject
Project("{FAE04EC0-301F-11D3-BF4B-00C04F79EFBC}") = "OfficeAttendanceTracker.Desktop", "OfficeAttendanceTracker.Desktop\OfficeAttendanceTracker.Desktop.csproj", "{B179B08D-DCE3-45EF-AF53-79883C6E25E7}"
EndProject
Project("{FAE04EC0-301F-11D3-BF4B-00C04F79EFBC}") = "OfficeAttendanceTracker.Core", "OfficeAttendanceTracker.Core\OfficeAttendanceTracker.Core.csproj", "{AB460E1C-D7B5-4F78-B5F3-E74743FA6AD0}"
EndProject
Global
	GlobalSection(SolutionConfigurationPlatforms) = preSolution
		Debug|Any CPU = Debug|Any CPU
		Debug|x64 = Debug|x64
		Debug|x86 = Debug|x86
		Release|Any CPU = Release|Any CPU
		Release|x64 = Release|x64
		Release|x86 = Release|x86
	EndGlobalSection
	GlobalSection(ProjectConfigurationPlatforms) = postSolution
		{A2C199C9-0961-4258-8E04-A8193C5C83F1}.Debug|Any CPU.ActiveCfg = Debug|Any CPU
		{A2C199C9-0961-4258-8E04-A8193C5C83F1}.Debug|Any CPU.Build.0 = Debug|Any CPU
		{A2C199C9-0961-4258-8E04-A8193C5C83F1}.Debug|x64.ActiveCfg = Debug|Any CPU
		{A2C199C9-0961-4258-8E04-A8193C5C83F1}.Debug|x64.Build.0 = Debug|Any CPU
		{A2C199C9-0961-4258-8E04-A8193C5C83F1}.Debug|x86.ActiveCfg = Debug|Any CPU
		{A2C199C9-0961-4258-8E04-A8193C5C83F1}.Debug|x86.Build.0 = Debug|Any CPU
		{A2C199C9-0961-4258-8E04-A8193C5C83F1}.Release|Any CPU.ActiveCfg = Release|Any CPU
		{A2C199C9-0961-4258-8E04-A8193C5C83F1}.Release|Any CPU.Build.0 = Release|Any CPU
		{A2C199C9-0961-4258-8E04-A8193C5C83F1}.Release|x64.ActiveCfg = Release|Any CPU
		{A2C199C9-0961-4258-8E04-A8193C5C83F1}.Release|x64.Build.0 = Release|Any CPU
		{A2C199C9-0961-4258-8E04-A8193C5C83F1}.Release|x86.ActiveCfg = Release|Any CPU
		{A2C199C9-0961-4258-8E04-A8193C5C83F1}.Release|x86.Build.0 = Release|Any CPU
		{3B340444-78AF-43F2-815D-78C81CA42BDB}.Debug|Any CPU.ActiveCfg = Debug|Any CPU
		{3B340444-78AF-43F2-815D-78C81CA42BDB}.Debug|Any CPU.Build.0 = Debug|Any CPU
		{3B340444-78AF-43F2-815D-78C81CA42BDB}.Debug|x64.ActiveCfg = Debug|Any CPU
		{3B340444-78AF-43F2-815D-78C81CA42BDB}.Debug|x64.Build.0 = Debug|Any CPU
		{3B340444-78AF-43F2-815D-78C81CA42BDB}.Debug|x86.ActiveCfg = Debug|Any CPU
		{3B340444-78AF-43F2-815D-78C81CA42BDB}.Debug|x86.Build.0 = Debug|Any CPU
		{3B340444-78AF-43F2-815D-78C81CA42BDB}.Release|Any CPU.ActiveCfg = Release|Any CPU
		{3B340444-78AF-43F2-815D-78C81CA42BDB}.Release|Any CPU.Build.0 = Release|Any CPU
		{3B340444-78AF-43F2-815D-78C81CA42BDB}.Release|x64.ActiveCfg = Release|Any CPU
		{3B340444-78AF-43F2-815D-78C81CA42BDB}.Release|x64.Build.0 = Release|Any CPU
		{3B340444-78AF-43F2-815D-78C81CA42BDB}.Release|x86.ActiveCfg = Release|Any CPU
		{3B340444-78AF-43F2-815D-78C81CA42BDB}.Release|x86.Build.0 = Release|Any CPU
		{B179B08D-DCE3-45EF-AF53-79883C6E25E7}.Debug|Any CPU.ActiveCfg = Debug|Any CPU
		{B179B08D-DCE3-45EF-AF53-79883C6E25E7}.Debug|Any CPU.Build.0 = Debug|Any CPU
		{B179B08D-DCE3-45EF-AF53-79883C6E25E7}.Debug|x64.ActiveCfg = Debug|Any CPU
		{B179B08D-DCE3-45EF-AF53-79883C6E25E7}.Debug|x64.Build.0 = Debug|Any CPU
		{B179B08D-DCE3-45EF-AF53-79883C6E25E7}.Debug|x86.ActiveCfg = Debug|Any CPU
		{B179B08D-DCE3-45EF-AF53-79883C6E25E7}.Debug|x86.Build.0 = Debug|Any CPU
		{B179B08D-DCE3-45EF-AF53-79883C6E25E7}.Release|Any CPU.ActiveCfg = Release|Any CPU
		{B179B08D-DCE3-45EF-AF53-79883C6E25E7}.Release|Any CPU.Build.0 = Release|Any CPU
		{B179B08D-DCE3-45EF-AF53-79883C6E25E7}.Release|x64.ActiveCfg = Release|Any CPU
		{B179B08D-DCE3-45EF-AF53-79883C6E25E7}.Release|x64.Build.0 = Release|Any CPU
		{B179B08D-DCE3-45EF-AF53-79883C6E25E7}.Release|x86.ActiveCfg = Release|Any CPU
		{B179B08D-DCE3-45EF-AF53-79883C6E25E7}.Release|x86.Build.0 = Release|Any CPU
		{AB460E1C-D7B5-4F78-B5F3-E74743FA6AD0}.Debug|Any CPU.ActiveCfg = Debug|Any CPU
		{AB460E1C-D7B5-4F78-B5F3-E74743FA6AD0}.Debug|Any CPU.Build.0 = Debug|Any CPU
		{AB460E1C-D7B5-4F78-B5F3-E74743FA6AD0}.Debug|x64.ActiveCfg = Debug|Any CPU
		{AB460E1C-D7B5-4F78-B5F3-E74743FA6AD0}.Debug|x64.Build.0 = Debug|Any CPU
		{AB460E1C-D7B5-4F78-B5F3-E74743FA6AD0}.Debug|x86.ActiveCfg = Debug|Any CPU
		{AB460E1C-D7B5-4F78-B5F3-E74743FA6AD0}.Debug|x86.Build.0 = Debug|Any CPU
		{AB460E1C-D7B5-4F78-B5F3-E74743FA6AD0}.Release|Any CPU.ActiveCfg = Release|Any CPU
		{AB460E1C-D7B5-4F78-B5F3-E74743FA6AD0}.Release|Any CPU.Build.0 = Release|Any CPU
		{AB460E1C-D7B5-4F78-B5F3-E74743FA6AD0}.Release|x64.ActiveCfg = Release|Any CPU
		{AB460E1C-D7B5-4F78-B5F3-E74743FA6AD0}.Release|x64.Build.0 = Release|Any CPU
		{AB460E1C-D7B5-4F78-B5F3-E74743FA6AD0}.Release|x86.ActiveCfg = Release|Any CPU
		{AB460E1C-D7B5-4F78-B5F3-E74743FA6AD0}.Release|x86.Build.0 = Release|Any CPU
	EndGlobalSection
	GlobalSection(SolutionProperties) = preSolution
		HideSolutionNode = FALSE
	EndGlobalSection
	GlobalSection(ExtensibilityGlobals) = postSolution
		SolutionGuid = {FCCEE1AF-C409-4AF6-A117-266200C4D906}
	EndGlobalSection
EndGlobal
